
Microsoft Visual Studio Solution File, Format Version 12.00
# Visual Studio 15
VisualStudioVersion = 15.0.27009.1
MinimumVisualStudioVersion = 10.0.40219.1
Project("{FAE04EC0-301F-11D3-BF4B-00C04F79EFBC}") = "CustomImageEntry.Android", "CustomImageEntry\CustomImageEntry.Android\CustomImageEntry.Android.csproj", "{286214BA-97AD-453C-BB13-CFB4E522E682}"
EndProject
Project("{FAE04EC0-301F-11D3-BF4B-00C04F79EFBC}") = "CustomImageEntry", "CustomImageEntry\CustomImageEntry\CustomImageEntry.csproj", "{8506CF01-70CC-49C9-BD49-44896977A0EC}"
EndProject
Project("{FAE04EC0-301F-11D3-BF4B-00C04F79EFBC}") = "CustomImageEntry.iOS", "CustomImageEntry\CustomImageEntry.iOS\CustomImageEntry.iOS.csproj", "{53D64144-01A3-4CCB-B77F-158716B3B3B0}"
EndProject
Global
	GlobalSection(SolutionConfigurationPlatforms) = preSolution
		Ad-Hoc|Any CPU = Ad-Hoc|Any CPU
		Ad-Hoc|ARM = Ad-Hoc|ARM
		Ad-Hoc|iPhone = Ad-Hoc|iPhone
		Ad-Hoc|iPhoneSimulator = Ad-Hoc|iPhoneSimulator
		Ad-Hoc|x64 = Ad-Hoc|x64
		Ad-Hoc|x86 = Ad-Hoc|x86
		AppStore|Any CPU = AppStore|Any CPU
		AppStore|ARM = AppStore|ARM
		AppStore|iPhone = AppStore|iPhone
		AppStore|iPhoneSimulator = AppStore|iPhoneSimulator
		AppStore|x64 = AppStore|x64
		AppStore|x86 = AppStore|x86
		Debug|Any CPU = Debug|Any CPU
		Debug|ARM = Debug|ARM
		Debug|iPhone = Debug|iPhone
		Debug|iPhoneSimulator = Debug|iPhoneSimulator
		Debug|x64 = Debug|x64
		Debug|x86 = Debug|x86
		Release|Any CPU = Release|Any CPU
		Release|ARM = Release|ARM
		Release|iPhone = Release|iPhone
		Release|iPhoneSimulator = Release|iPhoneSimulator
		Release|x64 = Release|x64
		Release|x86 = Release|x86
	EndGlobalSection
	GlobalSection(ProjectConfigurationPlatforms) = postSolution
		{286214BA-97AD-453C-BB13-CFB4E522E682}.Ad-Hoc|Any CPU.ActiveCfg = Release|Any CPU
		{286214BA-97AD-453C-BB13-CFB4E522E682}.Ad-Hoc|Any CPU.Build.0 = Release|Any CPU
		{286214BA-97AD-453C-BB13-CFB4E522E682}.Ad-Hoc|Any CPU.Deploy.0 = Release|Any CPU
		{286214BA-97AD-453C-BB13-CFB4E522E682}.Ad-Hoc|ARM.ActiveCfg = Release|Any CPU
		{286214BA-97AD-453C-BB13-CFB4E522E682}.Ad-Hoc|ARM.Build.0 = Release|Any CPU
		{286214BA-97AD-453C-BB13-CFB4E522E682}.Ad-Hoc|ARM.Deploy.0 = Release|Any CPU
		{286214BA-97AD-453C-BB13-CFB4E522E682}.Ad-Hoc|iPhone.ActiveCfg = Release|Any CPU
		{286214BA-97AD-453C-BB13-CFB4E522E682}.Ad-Hoc|iPhone.Build.0 = Release|Any CPU
		{286214BA-97AD-453C-BB13-CFB4E522E682}.Ad-Hoc|iPhone.Deploy.0 = Release|Any CPU
		{286214BA-97AD-453C-BB13-CFB4E522E682}.Ad-Hoc|iPhoneSimulator.ActiveCfg = Release|Any CPU
		{286214BA-97AD-453C-BB13-CFB4E522E682}.Ad-Hoc|iPhoneSimulator.Build.0 = Release|Any CPU
		{286214BA-97AD-453C-BB13-CFB4E522E682}.Ad-Hoc|iPhoneSimulator.Deploy.0 = Release|Any CPU
		{286214BA-97AD-453C-BB13-CFB4E522E682}.Ad-Hoc|x64.ActiveCfg = Release|Any CPU
		{286214BA-97AD-453C-BB13-CFB4E522E682}.Ad-Hoc|x64.Build.0 = Release|Any CPU
		{286214BA-97AD-453C-BB13-CFB4E522E682}.Ad-Hoc|x64.Deploy.0 = Release|Any CPU
		{286214BA-97AD-453C-BB13-CFB4E522E682}.Ad-Hoc|x86.ActiveCfg = Release|Any CPU
		{286214BA-97AD-453C-BB13-CFB4E522E682}.Ad-Hoc|x86.Build.0 = Release|Any CPU
		{286214BA-97AD-453C-BB13-CFB4E522E682}.Ad-Hoc|x86.Deploy.0 = Release|Any CPU
		{286214BA-97AD-453C-BB13-CFB4E522E682}.AppStore|Any CPU.ActiveCfg = Release|Any CPU
		{286214BA-97AD-453C-BB13-CFB4E522E682}.AppStore|Any CPU.Build.0 = Release|Any CPU
		{286214BA-97AD-453C-BB13-CFB4E522E682}.AppStore|Any CPU.Deploy.0 = Release|Any CPU
		{286214BA-97AD-453C-BB13-CFB4E522E682}.AppStore|ARM.ActiveCfg = Release|Any CPU
		{286214BA-97AD-453C-BB13-CFB4E522E682}.AppStore|ARM.Build.0 = Release|Any CPU
		{286214BA-97AD-453C-BB13-CFB4E522E682}.AppStore|ARM.Deploy.0 = Release|Any CPU
		{286214BA-97AD-453C-BB13-CFB4E522E682}.AppStore|iPhone.ActiveCfg = Release|Any CPU
		{286214BA-97AD-453C-BB13-CFB4E522E682}.AppStore|iPhone.Build.0 = Release|Any CPU
		{286214BA-97AD-453C-BB13-CFB4E522E682}.AppStore|iPhone.Deploy.0 = Release|Any CPU
		{286214BA-97AD-453C-BB13-CFB4E522E682}.AppStore|iPhoneSimulator.ActiveCfg = Release|Any CPU
		{286214BA-97AD-453C-BB13-CFB4E522E682}.AppStore|iPhoneSimulator.Build.0 = Release|Any CPU
		{286214BA-97AD-453C-BB13-CFB4E522E682}.AppStore|iPhoneSimulator.Deploy.0 = Release|Any CPU
		{286214BA-97AD-453C-BB13-CFB4E522E682}.AppStore|x64.ActiveCfg = Release|Any CPU
		{286214BA-97AD-453C-BB13-CFB4E522E682}.AppStore|x64.Build.0 = Release|Any CPU
		{286214BA-97AD-453C-BB13-CFB4E522E682}.AppStore|x64.Deploy.0 = Release|Any CPU
		{286214BA-97AD-453C-BB13-CFB4E522E682}.AppStore|x86.ActiveCfg = Release|Any CPU
		{286214BA-97AD-453C-BB13-CFB4E522E682}.AppStore|x86.Build.0 = Release|Any CPU
		{286214BA-97AD-453C-BB13-CFB4E522E682}.AppStore|x86.Deploy.0 = Release|Any CPU
		{286214BA-97AD-453C-BB13-CFB4E522E682}.Debug|Any CPU.ActiveCfg = Debug|Any CPU
		{286214BA-97AD-453C-BB13-CFB4E522E682}.Debug|Any CPU.Build.0 = Debug|Any CPU
		{286214BA-97AD-453C-BB13-CFB4E522E682}.Debug|Any CPU.Deploy.0 = Debug|Any CPU
		{286214BA-97AD-453C-BB13-CFB4E522E682}.Debug|ARM.ActiveCfg = Debug|Any CPU
		{286214BA-97AD-453C-BB13-CFB4E522E682}.Debug|ARM.Build.0 = Debug|Any CPU
		{286214BA-97AD-453C-BB13-CFB4E522E682}.Debug|ARM.Deploy.0 = Debug|Any CPU
		{286214BA-97AD-453C-BB13-CFB4E522E682}.Debug|iPhone.ActiveCfg = Debug|Any CPU
		{286214BA-97AD-453C-BB13-CFB4E522E682}.Debug|iPhone.Build.0 = Debug|Any CPU
		{286214BA-97AD-453C-BB13-CFB4E522E682}.Debug|iPhone.Deploy.0 = Debug|Any CPU
		{286214BA-97AD-453C-BB13-CFB4E522E682}.Debug|iPhoneSimulator.ActiveCfg = Debug|Any CPU
		{286214BA-97AD-453C-BB13-CFB4E522E682}.Debug|iPhoneSimulator.Build.0 = Debug|Any CPU
		{286214BA-97AD-453C-BB13-CFB4E522E682}.Debug|iPhoneSimulator.Deploy.0 = Debug|Any CPU
		{286214BA-97AD-453C-BB13-CFB4E522E682}.Debug|x64.ActiveCfg = Debug|Any CPU
		{286214BA-97AD-453C-BB13-CFB4E522E682}.Debug|x64.Build.0 = Debug|Any CPU
		{286214BA-97AD-453C-BB13-CFB4E522E682}.Debug|x64.Deploy.0 = Debug|Any CPU
		{286214BA-97AD-453C-BB13-CFB4E522E682}.Debug|x86.ActiveCfg = Debug|Any CPU
		{286214BA-97AD-453C-BB13-CFB4E522E682}.Debug|x86.Build.0 = Debug|Any CPU
		{286214BA-97AD-453C-BB13-CFB4E522E682}.Debug|x86.Deploy.0 = Debug|Any CPU
		{286214BA-97AD-453C-BB13-CFB4E522E682}.Release|Any CPU.ActiveCfg = Release|Any CPU
		{286214BA-97AD-453C-BB13-CFB4E522E682}.Release|Any CPU.Build.0 = Release|Any CPU
		{286214BA-97AD-453C-BB13-CFB4E522E682}.Release|Any CPU.Deploy.0 = Release|Any CPU
		{286214BA-97AD-453C-BB13-CFB4E522E682}.Release|ARM.ActiveCfg = Release|Any CPU
		{286214BA-97AD-453C-BB13-CFB4E522E682}.Release|ARM.Build.0 = Release|Any CPU
		{286214BA-97AD-453C-BB13-CFB4E522E682}.Release|ARM.Deploy.0 = Release|Any CPU
		{286214BA-97AD-453C-BB13-CFB4E522E682}.Release|iPhone.ActiveCfg = Release|Any CPU
		{286214BA-97AD-453C-BB13-CFB4E522E682}.Release|iPhone.Build.0 = Release|Any CPU
		{286214BA-97AD-453C-BB13-CFB4E522E682}.Release|iPhone.Deploy.0 = Release|Any CPU
		{286214BA-97AD-453C-BB13-CFB4E522E682}.Release|iPhoneSimulator.ActiveCfg = Release|Any CPU
		{286214BA-97AD-453C-BB13-CFB4E522E682}.Release|iPhoneSimulator.Build.0 = Release|Any CPU
		{286214BA-97AD-453C-BB13-CFB4E522E682}.Release|iPhoneSimulator.Deploy.0 = Release|Any CPU
		{286214BA-97AD-453C-BB13-CFB4E522E682}.Release|x64.ActiveCfg = Release|Any CPU
		{286214BA-97AD-453C-BB13-CFB4E522E682}.Release|x64.Build.0 = Release|Any CPU
		{286214BA-97AD-453C-BB13-CFB4E522E682}.Release|x64.Deploy.0 = Release|Any CPU
		{286214BA-97AD-453C-BB13-CFB4E522E682}.Release|x86.ActiveCfg = Release|Any CPU
		{286214BA-97AD-453C-BB13-CFB4E522E682}.Release|x86.Build.0 = Release|Any CPU
		{286214BA-97AD-453C-BB13-CFB4E522E682}.Release|x86.Deploy.0 = Release|Any CPU
		{8506CF01-70CC-49C9-BD49-44896977A0EC}.Ad-Hoc|Any CPU.ActiveCfg = Release|Any CPU
		{8506CF01-70CC-49C9-BD49-44896977A0EC}.Ad-Hoc|Any CPU.Build.0 = Release|Any CPU
		{8506CF01-70CC-49C9-BD49-44896977A0EC}.Ad-Hoc|Any CPU.Deploy.0 = Release|Any CPU
		{8506CF01-70CC-49C9-BD49-44896977A0EC}.Ad-Hoc|ARM.ActiveCfg = Release|Any CPU
		{8506CF01-70CC-49C9-BD49-44896977A0EC}.Ad-Hoc|ARM.Build.0 = Release|Any CPU
		{8506CF01-70CC-49C9-BD49-44896977A0EC}.Ad-Hoc|ARM.Deploy.0 = Release|Any CPU
		{8506CF01-70CC-49C9-BD49-44896977A0EC}.Ad-Hoc|iPhone.ActiveCfg = Release|Any CPU
		{8506CF01-70CC-49C9-BD49-44896977A0EC}.Ad-Hoc|iPhone.Build.0 = Release|Any CPU
		{8506CF01-70CC-49C9-BD49-44896977A0EC}.Ad-Hoc|iPhone.Deploy.0 = Release|Any CPU
		{8506CF01-70CC-49C9-BD49-44896977A0EC}.Ad-Hoc|iPhoneSimulator.ActiveCfg = Release|Any CPU
		{8506CF01-70CC-49C9-BD49-44896977A0EC}.Ad-Hoc|iPhoneSimulator.Build.0 = Release|Any CPU
		{8506CF01-70CC-49C9-BD49-44896977A0EC}.Ad-Hoc|iPhoneSimulator.Deploy.0 = Release|Any CPU
		{8506CF01-70CC-49C9-BD49-44896977A0EC}.Ad-Hoc|x64.ActiveCfg = Release|Any CPU
		{8506CF01-70CC-49C9-BD49-44896977A0EC}.Ad-Hoc|x64.Build.0 = Release|Any CPU
		{8506CF01-70CC-49C9-BD49-44896977A0EC}.Ad-Hoc|x64.Deploy.0 = Release|Any CPU
		{8506CF01-70CC-49C9-BD49-44896977A0EC}.Ad-Hoc|x86.ActiveCfg = Release|Any CPU
		{8506CF01-70CC-49C9-BD49-44896977A0EC}.Ad-Hoc|x86.Build.0 = Release|Any CPU
		{8506CF01-70CC-49C9-BD49-44896977A0EC}.Ad-Hoc|x86.Deploy.0 = Release|Any CPU
		{8506CF01-70CC-49C9-BD49-44896977A0EC}.AppStore|Any CPU.ActiveCfg = Release|Any CPU
		{8506CF01-70CC-49C9-BD49-44896977A0EC}.AppStore|Any CPU.Build.0 = Release|Any CPU
		{8506CF01-70CC-49C9-BD49-44896977A0EC}.AppStore|Any CPU.Deploy.0 = Release|Any CPU
		{8506CF01-70CC-49C9-BD49-44896977A0EC}.AppStore|ARM.ActiveCfg = Release|Any CPU
		{8506CF01-70CC-49C9-BD49-44896977A0EC}.AppStore|ARM.Build.0 = Release|Any CPU
		{8506CF01-70CC-49C9-BD49-44896977A0EC}.AppStore|ARM.Deploy.0 = Release|Any CPU
		{8506CF01-70CC-49C9-BD49-44896977A0EC}.AppStore|iPhone.ActiveCfg = Release|Any CPU
		{8506CF01-70CC-49C9-BD49-44896977A0EC}.AppStore|iPhone.Build.0 = Release|Any CPU
		{8506CF01-70CC-49C9-BD49-44896977A0EC}.AppStore|iPhone.Deploy.0 = Release|Any CPU
		{8506CF01-70CC-49C9-BD49-44896977A0EC}.AppStore|iPhoneSimulator.ActiveCfg = Release|Any CPU
		{8506CF01-70CC-49C9-BD49-44896977A0EC}.AppStore|iPhoneSimulator.Build.0 = Release|Any CPU
		{8506CF01-70CC-49C9-BD49-44896977A0EC}.AppStore|iPhoneSimulator.Deploy.0 = Release|Any CPU
		{8506CF01-70CC-49C9-BD49-44896977A0EC}.AppStore|x64.ActiveCfg = Release|Any CPU
		{8506CF01-70CC-49C9-BD49-44896977A0EC}.AppStore|x64.Build.0 = Release|Any CPU
		{8506CF01-70CC-49C9-BD49-44896977A0EC}.AppStore|x64.Deploy.0 = Release|Any CPU
		{8506CF01-70CC-49C9-BD49-44896977A0EC}.AppStore|x86.ActiveCfg = Release|Any CPU
		{8506CF01-70CC-49C9-BD49-44896977A0EC}.AppStore|x86.Build.0 = Release|Any CPU
		{8506CF01-70CC-49C9-BD49-44896977A0EC}.AppStore|x86.Deploy.0 = Release|Any CPU
		{8506CF01-70CC-49C9-BD49-44896977A0EC}.Debug|Any CPU.ActiveCfg = Debug|Any CPU
		{8506CF01-70CC-49C9-BD49-44896977A0EC}.Debug|Any CPU.Build.0 = Debug|Any CPU
		{8506CF01-70CC-49C9-BD49-44896977A0EC}.Debug|Any CPU.Deploy.0 = Debug|Any CPU
		{8506CF01-70CC-49C9-BD49-44896977A0EC}.Debug|ARM.ActiveCfg = Debug|Any CPU
		{8506CF01-70CC-49C9-BD49-44896977A0EC}.Debug|ARM.Build.0 = Debug|Any CPU
		{8506CF01-70CC-49C9-BD49-44896977A0EC}.Debug|ARM.Deploy.0 = Debug|Any CPU
		{8506CF01-70CC-49C9-BD49-44896977A0EC}.Debug|iPhone.ActiveCfg = Debug|Any CPU
		{8506CF01-70CC-49C9-BD49-44896977A0EC}.Debug|iPhone.Build.0 = Debug|Any CPU
		{8506CF01-70CC-49C9-BD49-44896977A0EC}.Debug|iPhone.Deploy.0 = Debug|Any CPU
		{8506CF01-70CC-49C9-BD49-44896977A0EC}.Debug|iPhoneSimulator.ActiveCfg = Debug|Any CPU
		{8506CF01-70CC-49C9-BD49-44896977A0EC}.Debug|iPhoneSimulator.Build.0 = Debug|Any CPU
		{8506CF01-70CC-49C9-BD49-44896977A0EC}.Debug|iPhoneSimulator.Deploy.0 = Debug|Any CPU
		{8506CF01-70CC-49C9-BD49-44896977A0EC}.Debug|x64.ActiveCfg = Debug|Any CPU
		{8506CF01-70CC-49C9-BD49-44896977A0EC}.Debug|x64.Build.0 = Debug|Any CPU
		{8506CF01-70CC-49C9-BD49-44896977A0EC}.Debug|x64.Deploy.0 = Debug|Any CPU
		{8506CF01-70CC-49C9-BD49-44896977A0EC}.Debug|x86.ActiveCfg = Debug|Any CPU
		{8506CF01-70CC-49C9-BD49-44896977A0EC}.Debug|x86.Build.0 = Debug|Any CPU
		{8506CF01-70CC-49C9-BD49-44896977A0EC}.Debug|x86.Deploy.0 = Debug|Any CPU
		{8506CF01-70CC-49C9-BD49-44896977A0EC}.Release|Any CPU.ActiveCfg = Release|Any CPU
		{8506CF01-70CC-49C9-BD49-44896977A0EC}.Release|Any CPU.Build.0 = Release|Any CPU
		{8506CF01-70CC-49C9-BD49-44896977A0EC}.Release|Any CPU.Deploy.0 = Release|Any CPU
		{8506CF01-70CC-49C9-BD49-44896977A0EC}.Release|ARM.ActiveCfg = Release|Any CPU
		{8506CF01-70CC-49C9-BD49-44896977A0EC}.Release|ARM.Build.0 = Release|Any CPU
		{8506CF01-70CC-49C9-BD49-44896977A0EC}.Release|ARM.Deploy.0 = Release|Any CPU
		{8506CF01-70CC-49C9-BD49-44896977A0EC}.Release|iPhone.ActiveCfg = Release|Any CPU
		{8506CF01-70CC-49C9-BD49-44896977A0EC}.Release|iPhone.Build.0 = Release|Any CPU
		{8506CF01-70CC-49C9-BD49-44896977A0EC}.Release|iPhone.Deploy.0 = Release|Any CPU
		{8506CF01-70CC-49C9-BD49-44896977A0EC}.Release|iPhoneSimulator.ActiveCfg = Release|Any CPU
		{8506CF01-70CC-49C9-BD49-44896977A0EC}.Release|iPhoneSimulator.Build.0 = Release|Any CPU
		{8506CF01-70CC-49C9-BD49-44896977A0EC}.Release|iPhoneSimulator.Deploy.0 = Release|Any CPU
		{8506CF01-70CC-49C9-BD49-44896977A0EC}.Release|x64.ActiveCfg = Release|Any CPU
		{8506CF01-70CC-49C9-BD49-44896977A0EC}.Release|x64.Build.0 = Release|Any CPU
		{8506CF01-70CC-49C9-BD49-44896977A0EC}.Release|x64.Deploy.0 = Release|Any CPU
		{8506CF01-70CC-49C9-BD49-44896977A0EC}.Release|x86.ActiveCfg = Release|Any CPU
		{8506CF01-70CC-49C9-BD49-44896977A0EC}.Release|x86.Build.0 = Release|Any CPU
		{8506CF01-70CC-49C9-BD49-44896977A0EC}.Release|x86.Deploy.0 = Release|Any CPU
		{53D64144-01A3-4CCB-B77F-158716B3B3B0}.Ad-Hoc|Any CPU.ActiveCfg = Ad-Hoc|iPhone
		{53D64144-01A3-4CCB-B77F-158716B3B3B0}.Ad-Hoc|Any CPU.Build.0 = Ad-Hoc|iPhone
		{53D64144-01A3-4CCB-B77F-158716B3B3B0}.Ad-Hoc|Any CPU.Deploy.0 = Ad-Hoc|iPhone
		{53D64144-01A3-4CCB-B77F-158716B3B3B0}.Ad-Hoc|ARM.ActiveCfg = Ad-Hoc|iPhone
		{53D64144-01A3-4CCB-B77F-158716B3B3B0}.Ad-Hoc|ARM.Build.0 = Ad-Hoc|iPhone
		{53D64144-01A3-4CCB-B77F-158716B3B3B0}.Ad-Hoc|ARM.Deploy.0 = Ad-Hoc|iPhone
		{53D64144-01A3-4CCB-B77F-158716B3B3B0}.Ad-Hoc|iPhone.ActiveCfg = Ad-Hoc|iPhone
		{53D64144-01A3-4CCB-B77F-158716B3B3B0}.Ad-Hoc|iPhone.Build.0 = Ad-Hoc|iPhone
		{53D64144-01A3-4CCB-B77F-158716B3B3B0}.Ad-Hoc|iPhone.Deploy.0 = Ad-Hoc|iPhone
		{53D64144-01A3-4CCB-B77F-158716B3B3B0}.Ad-Hoc|iPhoneSimulator.ActiveCfg = Ad-Hoc|iPhoneSimulator
		{53D64144-01A3-4CCB-B77F-158716B3B3B0}.Ad-Hoc|iPhoneSimulator.Build.0 = Ad-Hoc|iPhoneSimulator
		{53D64144-01A3-4CCB-B77F-158716B3B3B0}.Ad-Hoc|iPhoneSimulator.Deploy.0 = Ad-Hoc|iPhoneSimulator
		{53D64144-01A3-4CCB-B77F-158716B3B3B0}.Ad-Hoc|x64.ActiveCfg = Ad-Hoc|iPhone
		{53D64144-01A3-4CCB-B77F-158716B3B3B0}.Ad-Hoc|x64.Build.0 = Ad-Hoc|iPhone
		{53D64144-01A3-4CCB-B77F-158716B3B3B0}.Ad-Hoc|x64.Deploy.0 = Ad-Hoc|iPhone
		{53D64144-01A3-4CCB-B77F-158716B3B3B0}.Ad-Hoc|x86.ActiveCfg = Ad-Hoc|iPhone
		{53D64144-01A3-4CCB-B77F-158716B3B3B0}.Ad-Hoc|x86.Build.0 = Ad-Hoc|iPhone
		{53D64144-01A3-4CCB-B77F-158716B3B3B0}.Ad-Hoc|x86.Deploy.0 = Ad-Hoc|iPhone
		{53D64144-01A3-4CCB-B77F-158716B3B3B0}.AppStore|Any CPU.ActiveCfg = AppStore|iPhone
		{53D64144-01A3-4CCB-B77F-158716B3B3B0}.AppStore|Any CPU.Build.0 = AppStore|iPhone
		{53D64144-01A3-4CCB-B77F-158716B3B3B0}.AppStore|Any CPU.Deploy.0 = AppStore|iPhone
		{53D64144-01A3-4CCB-B77F-158716B3B3B0}.AppStore|ARM.ActiveCfg = AppStore|iPhone
		{53D64144-01A3-4CCB-B77F-158716B3B3B0}.AppStore|ARM.Build.0 = AppStore|iPhone
		{53D64144-01A3-4CCB-B77F-158716B3B3B0}.AppStore|ARM.Deploy.0 = AppStore|iPhone
		{53D64144-01A3-4CCB-B77F-158716B3B3B0}.AppStore|iPhone.ActiveCfg = AppStore|iPhone
		{53D64144-01A3-4CCB-B77F-158716B3B3B0}.AppStore|iPhone.Build.0 = AppStore|iPhone
		{53D64144-01A3-4CCB-B77F-158716B3B3B0}.AppStore|iPhone.Deploy.0 = AppStore|iPhone
		{53D64144-01A3-4CCB-B77F-158716B3B3B0}.AppStore|iPhoneSimulator.ActiveCfg = AppStore|iPhoneSimulator
		{53D64144-01A3-4CCB-B77F-158716B3B3B0}.AppStore|iPhoneSimulator.Build.0 = AppStore|iPhoneSimulator
		{53D64144-01A3-4CCB-B77F-158716B3B3B0}.AppStore|iPhoneSimulator.Deploy.0 = AppStore|iPhoneSimulator
		{53D64144-01A3-4CCB-B77F-158716B3B3B0}.AppStore|x64.ActiveCfg = AppStore|iPhone
		{53D64144-01A3-4CCB-B77F-158716B3B3B0}.AppStore|x64.Build.0 = AppStore|iPhone
		{53D64144-01A3-4CCB-B77F-158716B3B3B0}.AppStore|x64.Deploy.0 = AppStore|iPhone
		{53D64144-01A3-4CCB-B77F-158716B3B3B0}.AppStore|x86.ActiveCfg = AppStore|iPhone
		{53D64144-01A3-4CCB-B77F-158716B3B3B0}.AppStore|x86.Build.0 = AppStore|iPhone
		{53D64144-01A3-4CCB-B77F-158716B3B3B0}.AppStore|x86.Deploy.0 = AppStore|iPhone
		{53D64144-01A3-4CCB-B77F-158716B3B3B0}.Debug|Any CPU.ActiveCfg = Debug|iPhoneSimulator
		{53D64144-01A3-4CCB-B77F-158716B3B3B0}.Debug|Any CPU.Build.0 = Debug|iPhoneSimulator
		{53D64144-01A3-4CCB-B77F-158716B3B3B0}.Debug|Any CPU.Deploy.0 = Debug|iPhoneSimulator
		{53D64144-01A3-4CCB-B77F-158716B3B3B0}.Debug|ARM.ActiveCfg = Debug|iPhone
		{53D64144-01A3-4CCB-B77F-158716B3B3B0}.Debug|ARM.Build.0 = Debug|iPhone
		{53D64144-01A3-4CCB-B77F-158716B3B3B0}.Debug|ARM.Deploy.0 = Debug|iPhone
		{53D64144-01A3-4CCB-B77F-158716B3B3B0}.Debug|iPhone.ActiveCfg = Debug|iPhone
		{53D64144-01A3-4CCB-B77F-158716B3B3B0}.Debug|iPhone.Build.0 = Debug|iPhone
		{53D64144-01A3-4CCB-B77F-158716B3B3B0}.Debug|iPhone.Deploy.0 = Debug|iPhone
		{53D64144-01A3-4CCB-B77F-158716B3B3B0}.Debug|iPhoneSimulator.ActiveCfg = Debug|iPhoneSimulator
		{53D64144-01A3-4CCB-B77F-158716B3B3B0}.Debug|iPhoneSimulator.Build.0 = Debug|iPhoneSimulator
		{53D64144-01A3-4CCB-B77F-158716B3B3B0}.Debug|iPhoneSimulator.Deploy.0 = Debug|iPhoneSimulator
		{53D64144-01A3-4CCB-B77F-158716B3B3B0}.Debug|x64.ActiveCfg = Debug|iPhone
		{53D64144-01A3-4CCB-B77F-158716B3B3B0}.Debug|x64.Build.0 = Debug|iPhone
		{53D64144-01A3-4CCB-B77F-158716B3B3B0}.Debug|x64.Deploy.0 = Debug|iPhone
		{53D64144-01A3-4CCB-B77F-158716B3B3B0}.Debug|x86.ActiveCfg = Debug|iPhone
		{53D64144-01A3-4CCB-B77F-158716B3B3B0}.Debug|x86.Build.0 = Debug|iPhone
		{53D64144-01A3-4CCB-B77F-158716B3B3B0}.Debug|x86.Deploy.0 = Debug|iPhone
		{53D64144-01A3-4CCB-B77F-158716B3B3B0}.Release|Any CPU.ActiveCfg = Release|iPhone
		{53D64144-01A3-4CCB-B77F-158716B3B3B0}.Release|Any CPU.Build.0 = Release|iPhone
		{53D64144-01A3-4CCB-B77F-158716B3B3B0}.Release|Any CPU.Deploy.0 = Release|iPhone
		{53D64144-01A3-4CCB-B77F-158716B3B3B0}.Release|ARM.ActiveCfg = Release|iPhone
		{53D64144-01A3-4CCB-B77F-158716B3B3B0}.Release|ARM.Build.0 = Release|iPhone
		{53D64144-01A3-4CCB-B77F-158716B3B3B0}.Release|ARM.Deploy.0 = Release|iPhone
		{53D64144-01A3-4CCB-B77F-158716B3B3B0}.Release|iPhone.ActiveCfg = Release|iPhone
		{53D64144-01A3-4CCB-B77F-158716B3B3B0}.Release|iPhone.Build.0 = Release|iPhone
		{53D64144-01A3-4CCB-B77F-158716B3B3B0}.Release|iPhone.Deploy.0 = Release|iPhone
		{53D64144-01A3-4CCB-B77F-158716B3B3B0}.Release|iPhoneSimulator.ActiveCfg = Release|iPhoneSimulator
		{53D64144-01A3-4CCB-B77F-158716B3B3B0}.Release|iPhoneSimulator.Build.0 = Release|iPhoneSimulator
		{53D64144-01A3-4CCB-B77F-158716B3B3B0}.Release|iPhoneSimulator.Deploy.0 = Release|iPhoneSimulator
		{53D64144-01A3-4CCB-B77F-158716B3B3B0}.Release|x64.ActiveCfg = Release|iPhone
		{53D64144-01A3-4CCB-B77F-158716B3B3B0}.Release|x64.Build.0 = Release|iPhone
		{53D64144-01A3-4CCB-B77F-158716B3B3B0}.Release|x64.Deploy.0 = Release|iPhone
		{53D64144-01A3-4CCB-B77F-158716B3B3B0}.Release|x86.ActiveCfg = Release|iPhone
		{53D64144-01A3-4CCB-B77F-158716B3B3B0}.Release|x86.Build.0 = Release|iPhone
		{53D64144-01A3-4CCB-B77F-158716B3B3B0}.Release|x86.Deploy.0 = Release|iPhone
	EndGlobalSection
	GlobalSection(SolutionProperties) = preSolution
		HideSolutionNode = FALSE
	EndGlobalSection
	GlobalSection(ExtensibilityGlobals) = postSolution
		SolutionGuid = {11C2C333-8120-4BD8-BBE2-EC97340A2009}
	EndGlobalSection
EndGlobal
